{
    "_readme": [
        "This file locks the dependencies of your project to a known state",
        "Read more about it at https://getcomposer.org/doc/01-basic-usage.md#installing-dependencies",
        "This file is @generated automatically"
    ],
    "content-hash": "c8b6d6cfeee47157422706275cb29994",
    "packages": [
        {
            "name": "pirsch-analytics/sdk",
            "version": "v1.6.4",
            "source": {
                "type": "git",
                "url": "https://github.com/pirsch-analytics/pirsch-php-sdk.git",
                "reference": "e3fe89b1a92e734fc5ff879019937e858cd0f86f"
            },
            "dist": {
                "type": "zip",
                "url": "https://api.github.com/repos/pirsch-analytics/pirsch-php-sdk/zipball/e3fe89b1a92e734fc5ff879019937e858cd0f86f",
                "reference": "e3fe89b1a92e734fc5ff879019937e858cd0f86f",
                "shasum": ""
            },
            "require": {
                "php": ">=7.4"
            },
            "type": "library",
            "autoload": {
                "psr-4": {
                    "Pirsch\\": "src/"
                }
            },
            "notification-url": "https://packagist.org/downloads/",
            "license": [
                "MIT"
            ],
            "authors": [
                {
                    "name": "Marvin Blum",
                    "email": "marvin.blum@emvi.com",
                    "role": "Developer"
                }
            ],
            "description": "PHP Client SDK for Pirsch.",
            "homepage": "https://pirsch.io/",
            "keywords": [
                "analytics",
                "api",
                "client",
                "pirsch",
                "sdk"
            ],
            "support": {
                "issues": "https://github.com/pirsch-analytics/pirsch-php-sdk/issues",
                "source": "https://github.com/pirsch-analytics/pirsch-php-sdk/tree/v1.6.4"
            },
            "time": "2022-05-05T11:08:40+00:00"
        }
    ],
    "packages-dev": [],
    "aliases": [],
    "minimum-stability": "stable",
    "stability-flags": [],
    "prefer-stable": false,
    "prefer-lowest": false,
    "platform": [],
    "platform-dev": [],
    "plugin-api-version": "2.3.0"
}
