{
    "_readme": [
        "This file locks the dependencies of your project to a known state",
        "Read more about it at https://getcomposer.org/doc/01-basic-usage.md#installing-dependencies",
        "This file is @generated automatically"
    ],
    "content-hash": "56941911481b0b9e709b1c7ac21bada0",
    "packages": [
        {
            "name": "pirsch-analytics/sdk",
            "version": "v1.7.0",
            "source": {
                "type": "git",
                "url": "https://github.com/pirsch-analytics/pirsch-php-sdk.git",
                "reference": "1ecfd89895b56b58339aa9e955bc5d0c927cee22"
            },
            "dist": {
                "type": "zip",
                "url": "https://api.github.com/repos/pirsch-analytics/pirsch-php-sdk/zipball/1ecfd89895b56b58339aa9e955bc5d0c927cee22",
                "reference": "1ecfd89895b56b58339aa9e955bc5d0c927cee22",
                "shasum": ""
            },
            "require": {
                "php": ">=7.4"
            },
            "type": "library",
            "autoload": {
                "psr-4": {
                    "Pirsch\\": "src/"
                }
            },
            "notification-url": "https://packagist.org/downloads/",
            "license": [
                "MIT"
            ],
            "authors": [
                {
                    "name": "Marvin Blum",
                    "email": "marvin.blum@emvi.com",
                    "role": "Developer"
                }
            ],
            "description": "PHP Client SDK for Pirsch.",
            "homepage": "https://pirsch.io/",
            "keywords": [
                "analytics",
                "api",
                "client",
                "pirsch",
                "sdk"
            ],
            "support": {
                "issues": "https://github.com/pirsch-analytics/pirsch-php-sdk/issues",
                "source": "https://github.com/pirsch-analytics/pirsch-php-sdk/tree/v1.7.0"
            },
            "time": "2022-07-01T18:06:39+00:00"
        }
    ],
    "packages-dev": [],
    "aliases": [],
    "minimum-stability": "stable",
    "stability-flags": [],
    "prefer-stable": false,
    "prefer-lowest": false,
    "platform": [],
    "platform-dev": [],
    "plugin-api-version": "2.3.0"
}
